
Microsoft Visual Studio Solution File, Format Version 12.00
# Visual Studio Version 16
VisualStudioVersion = 16.0.31702.278
MinimumVisualStudioVersion = 10.0.40219.1
Project("{9A19103F-16F7-4668-BE54-9A1E7A4F7556}") = "StellarCracker NetCore", "StellarCracker NetCore\StellarCracker NetCore.csproj", "{70EED481-10C8-4F79-B4FB-9B640DFCBF33}"
EndProject
Project("{FAE04EC0-301F-11D3-BF4B-00C04F79EFBC}") = "Tests", "Tests\Tests.csproj", "{018CED75-ED71-4485-8E95-150C61C3BB4E}"
EndProject
Global
	GlobalSection(SolutionConfigurationPlatforms) = preSolution
		Debug|Any CPU = Debug|Any CPU
		Release|Any CPU = Release|Any CPU
	EndGlobalSection
	GlobalSection(ProjectConfigurationPlatforms) = postSolution
		{70EED481-10C8-4F79-B4FB-9B640DFCBF33}.Debug|Any CPU.ActiveCfg = Debug|Any CPU
		{70EED481-10C8-4F79-B4FB-9B640DFCBF33}.Debug|Any CPU.Build.0 = Debug|Any CPU
		{70EED481-10C8-4F79-B4FB-9B640DFCBF33}.Release|Any CPU.ActiveCfg = Release|Any CPU
		{70EED481-10C8-4F79-B4FB-9B640DFCBF33}.Release|Any CPU.Build.0 = Release|Any CPU
		{018CED75-ED71-4485-8E95-150C61C3BB4E}.Debug|Any CPU.ActiveCfg = Debug|Any CPU
		{018CED75-ED71-4485-8E95-150C61C3BB4E}.Debug|Any CPU.Build.0 = Debug|Any CPU
		{018CED75-ED71-4485-8E95-150C61C3BB4E}.Release|Any CPU.ActiveCfg = Release|Any CPU
		{018CED75-ED71-4485-8E95-150C61C3BB4E}.Release|Any CPU.Build.0 = Release|Any CPU
	EndGlobalSection
	GlobalSection(SolutionProperties) = preSolution
		HideSolutionNode = FALSE
	EndGlobalSection
	GlobalSection(ExtensibilityGlobals) = postSolution
		SolutionGuid = {19C1F313-3DD7-425F-BDF2-DC36BC805B17}
	EndGlobalSection
EndGlobal
